// !$*UTF8*$!
{
	archiveVersion = 1;
	classes = {
	};
	objectVersion = 46;
	objects = {

/* Begin PBXBuildFile section */
		26F6254B925249F1B869A0B0 /* Pods_audioKitFadingPlayerExample.framework in Frameworks */ = {isa = PBXBuildFile; fileRef = 47E2D3D622A6E226E1D0C60F /* Pods_audioKitFadingPlayerExample.framework */; };
		4BA7EB621F2627DF00E6C5D9 /* AppDelegate.swift in Sources */ = {isa = PBXBuildFile; fileRef = 4BA7EB611F2627DF00E6C5D9 /* AppDelegate.swift */; };
		4BA7EB641F2627DF00E6C5D9 /* ViewController.swift in Sources */ = {isa = PBXBuildFile; fileRef = 4BA7EB631F2627DF00E6C5D9 /* ViewController.swift */; };
		4BA7EB671F2627DF00E6C5D9 /* Main.storyboard in Resources */ = {isa = PBXBuildFile; fileRef = 4BA7EB651F2627DF00E6C5D9 /* Main.storyboard */; };
		4BA7EB691F2627DF00E6C5D9 /* Assets.xcassets in Resources */ = {isa = PBXBuildFile; fileRef = 4BA7EB681F2627DF00E6C5D9 /* Assets.xcassets */; };
		4BA7EB6C1F2627DF00E6C5D9 /* LaunchScreen.storyboard in Resources */ = {isa = PBXBuildFile; fileRef = 4BA7EB6A1F2627DF00E6C5D9 /* LaunchScreen.storyboard */; };
/* End PBXBuildFile section */

/* Begin PBXFileReference section */
		47E2D3D622A6E226E1D0C60F /* Pods_audioKitFadingPlayerExample.framework */ = {isa = PBXFileReference; explicitFileType = wrapper.framework; includeInIndex = 0; path = Pods_audioKitFadingPlayerExample.framework; sourceTree = BUILT_PRODUCTS_DIR; };
		4BA7EB5E1F2627DF00E6C5D9 /* audioKitFadingPlayerExample.app */ = {isa = PBXFileReference; explicitFileType = wrapper.application; includeInIndex = 0; path = audioKitFadingPlayerExample.app; sourceTree = BUILT_PRODUCTS_DIR; };
		4BA7EB611F2627DF00E6C5D9 /* AppDelegate.swift */ = {isa = PBXFileReference; lastKnownFileType = sourcecode.swift; path = AppDelegate.swift; sourceTree = "<group>"; };
		4BA7EB631F2627DF00E6C5D9 /* ViewController.swift */ = {isa = PBXFileReference; lastKnownFileType = sourcecode.swift; path = ViewController.swift; sourceTree = "<group>"; };
		4BA7EB661F2627DF00E6C5D9 /* Base */ = {isa = PBXFileReference; lastKnownFileType = file.storyboard; name = Base; path = Base.lproj/Main.storyboard; sourceTree = "<group>"; };
		4BA7EB681F2627DF00E6C5D9 /* Assets.xcassets */ = {isa = PBXFileReference; lastKnownFileType = folder.assetcatalog; path = Assets.xcassets; sourceTree = "<group>"; };
		4BA7EB6B1F2627DF00E6C5D9 /* Base */ = {isa = PBXFileReference; lastKnownFileType = file.storyboard; name = Base; path = Base.lproj/LaunchScreen.storyboard; sourceTree = "<group>"; };
		4BA7EB6D1F2627DF00E6C5D9 /* Info.plist */ = {isa = PBXFileReference; lastKnownFileType = text.plist.xml; path = Info.plist; sourceTree = "<group>"; };
		531D96D3314F910BC1CA4398 /* Pods-audioKitFadingPlayerExample.release.xcconfig */ = {isa = PBXFileReference; includeInIndex = 1; lastKnownFileType = text.xcconfig; name = "Pods-audioKitFadingPlayerExample.release.xcconfig"; path = "Pods/Target Support Files/Pods-audioKitFadingPlayerExample/Pods-audioKitFadingPlayerExample.release.xcconfig"; sourceTree = "<group>"; };
		5D822D1F8D3B41019F309234 /* Pods-audioKitFadingPlayerExample.debug.xcconfig */ = {isa = PBXFileReference; includeInIndex = 1; lastKnownFileType = text.xcconfig; name = "Pods-audioKitFadingPlayerExample.debug.xcconfig"; path = "Pods/Target Support Files/Pods-audioKitFadingPlayerExample/Pods-audioKitFadingPlayerExample.debug.xcconfig"; sourceTree = "<group>"; };
/* End PBXFileReference section */

/* Begin PBXFrameworksBuildPhase section */
		4BA7EB5B1F2627DF00E6C5D9 /* Frameworks */ = {
			isa = PBXFrameworksBuildPhase;
			buildActionMask = 2147483647;
			files = (
				26F6254B925249F1B869A0B0 /* Pods_audioKitFadingPlayerExample.framework in Frameworks */,
			);
			runOnlyForDeploymentPostprocessing = 0;
		};
/* End PBXFrameworksBuildPhase section */

/* Begin PBXGroup section */
		0B7BFA581F5C1FA9E5B9430C /* Pods */ = {
			isa = PBXGroup;
			children = (
				5D822D1F8D3B41019F309234 /* Pods-audioKitFadingPlayerExample.debug.xcconfig */,
				531D96D3314F910BC1CA4398 /* Pods-audioKitFadingPlayerExample.release.xcconfig */,
			);
			name = Pods;
			sourceTree = "<group>";
		};
		4BA7EB551F2627DF00E6C5D9 = {
			isa = PBXGroup;
			children = (
				4BA7EB601F2627DF00E6C5D9 /* audioKitFadingPlayerExample */,
				4BA7EB5F1F2627DF00E6C5D9 /* Products */,
				0B7BFA581F5C1FA9E5B9430C /* Pods */,
				66D8834186C110811F307893 /* Frameworks */,
			);
			sourceTree = "<group>";
		};
		4BA7EB5F1F2627DF00E6C5D9 /* Products */ = {
			isa = PBXGroup;
			children = (
				4BA7EB5E1F2627DF00E6C5D9 /* audioKitFadingPlayerExample.app */,
			);
			name = Products;
			sourceTree = "<group>";
		};
		4BA7EB601F2627DF00E6C5D9 /* audioKitFadingPlayerExample */ = {
			isa = PBXGroup;
			children = (
				4BA7EB611F2627DF00E6C5D9 /* AppDelegate.swift */,
				4BA7EB631F2627DF00E6C5D9 /* ViewController.swift */,
				4BA7EB651F2627DF00E6C5D9 /* Main.storyboard */,
				4BA7EB681F2627DF00E6C5D9 /* Assets.xcassets */,
				4BA7EB6A1F2627DF00E6C5D9 /* LaunchScreen.storyboard */,
				4BA7EB6D1F2627DF00E6C5D9 /* Info.plist */,
			);
			path = audioKitFadingPlayerExample;
			sourceTree = "<group>";
		};
		66D8834186C110811F307893 /* Frameworks */ = {
			isa = PBXGroup;
			children = (
				47E2D3D622A6E226E1D0C60F /* Pods_audioKitFadingPlayerExample.framework */,
			);
			name = Frameworks;
			sourceTree = "<group>";
		};
/* End PBXGroup section */

/* Begin PBXNativeTarget section */
		4BA7EB5D1F2627DF00E6C5D9 /* audioKitFadingPlayerExample */ = {
			isa = PBXNativeTarget;
			buildConfigurationList = 4BA7EB701F2627DF00E6C5D9 /* Build configuration list for PBXNativeTarget "audioKitFadingPlayerExample" */;
			buildPhases = (
				4206D2FD943A06A78C78A8E3 /* [CP] Check Pods Manifest.lock */,
				4BA7EB5A1F2627DF00E6C5D9 /* Sources */,
				4BA7EB5B1F2627DF00E6C5D9 /* Frameworks */,
				4BA7EB5C1F2627DF00E6C5D9 /* Resources */,
				5BC594AA63B4D2C631C1E704 /* [CP] Embed Pods Frameworks */,
				FD5A333EA8052D7DF4F70C62 /* [CP] Copy Pods Resources */,
				4BA7EB731F26295B00E6C5D9 /* ShellScript */,
			);
			buildRules = (
			);
			dependencies = (
			);
			name = audioKitFadingPlayerExample;
			productName = audioKitFadingPlayerExample;
			productReference = 4BA7EB5E1F2627DF00E6C5D9 /* audioKitFadingPlayerExample.app */;
			productType = "com.apple.product-type.application";
		};
/* End PBXNativeTarget section */

/* Begin PBXProject section */
		4BA7EB561F2627DF00E6C5D9 /* Project object */ = {
			isa = PBXProject;
			attributes = {
				LastSwiftUpdateCheck = 0830;
				LastUpgradeCheck = 0830;
				ORGANIZATIONNAME = "Brian D Keane";
				TargetAttributes = {
					4BA7EB5D1F2627DF00E6C5D9 = {
						CreatedOnToolsVersion = 8.3.3;
						DevelopmentTeam = FSRSPV9N9Q;
						ProvisioningStyle = Automatic;
					};
				};
			};
			buildConfigurationList = 4BA7EB591F2627DF00E6C5D9 /* Build configuration list for PBXProject "audioKitFadingPlayerExample" */;
			compatibilityVersion = "Xcode 3.2";
			developmentRegion = English;
			hasScannedForEncodings = 0;
			knownRegions = (
				en,
				Base,
			);
			mainGroup = 4BA7EB551F2627DF00E6C5D9;
			productRefGroup = 4BA7EB5F1F2627DF00E6C5D9 /* Products */;
			projectDirPath = "";
			projectRoot = "";
			targets = (
				4BA7EB5D1F2627DF00E6C5D9 /* audioKitFadingPlayerExample */,
			);
		};
/* End PBXProject section */

/* Begin PBXResourcesBuildPhase section */
		4BA7EB5C1F2627DF00E6C5D9 /* Resources */ = {
			isa = PBXResourcesBuildPhase;
			buildActionMask = 2147483647;
			files = (
				4BA7EB6C1F2627DF00E6C5D9 /* LaunchScreen.storyboard in Resources */,
				4BA7EB691F2627DF00E6C5D9 /* Assets.xcassets in Resources */,
				4BA7EB671F2627DF00E6C5D9 /* Main.storyboard in Resources */,
			);
			runOnlyForDeploymentPostprocessing = 0;
		};
/* End PBXResourcesBuildPhase section */

/* Begin PBXShellScriptBuildPhase section */
		4206D2FD943A06A78C78A8E3 /* [CP] Check Pods Manifest.lock */ = {
			isa = PBXShellScriptBuildPhase;
			buildActionMask = 2147483647;
			files = (
			);
			inputPaths = (
			);
			name = "[CP] Check Pods Manifest.lock";
			outputPaths = (
			);
			runOnlyForDeploymentPostprocessing = 0;
			shellPath = /bin/sh;
			shellScript = "diff \"${PODS_PODFILE_DIR_PATH}/Podfile.lock\" \"${PODS_ROOT}/Manifest.lock\" > /dev/null\nif [ $? != 0 ] ; then\n    # print error to STDERR\n    echo \"error: The sandbox is not in sync with the Podfile.lock. Run 'pod install' or update your CocoaPods installation.\" >&2\n    exit 1\nfi\n";
			showEnvVarsInLog = 0;
		};
		4BA7EB731F26295B00E6C5D9 /* ShellScript */ = {
			isa = PBXShellScriptBuildPhase;
			buildActionMask = 2147483647;
			files = (
			);
			inputPaths = (
			);
			outputPaths = (
			);
			runOnlyForDeploymentPostprocessing = 0;
			shellPath = /bin/sh;
			shellScript = "\"$BUILT_PRODUCTS_DIR/$FRAMEWORKS_FOLDER_PATH/AudioKit.framework/fix-framework.sh\"";
		};
		5BC594AA63B4D2C631C1E704 /* [CP] Embed Pods Frameworks */ = {
			isa = PBXShellScriptBuildPhase;
			buildActionMask = 2147483647;
			files = (
			);
			inputPaths = (
			);
			name = "[CP] Embed Pods Frameworks";
			outputPaths = (
			);
			runOnlyForDeploymentPostprocessing = 0;
			shellPath = /bin/sh;
			shellScript = "\"${SRCROOT}/Pods/Target Support Files/Pods-audioKitFadingPlayerExample/Pods-audioKitFadingPlayerExample-frameworks.sh\"\n";
			showEnvVarsInLog = 0;
		};
		FD5A333EA8052D7DF4F70C62 /* [CP] Copy Pods Resources */ = {
			isa = PBXShellScriptBuildPhase;
			buildActionMask = 2147483647;
			files = (
			);
			inputPaths = (
			);
			name = "[CP] Copy Pods Resources";
			outputPaths = (
			);
			runOnlyForDeploymentPostprocessing = 0;
			shellPath = /bin/sh;
			shellScript = "\"${SRCROOT}/Pods/Target Support Files/Pods-audioKitFadingPlayerExample/Pods-audioKitFadingPlayerExample-resources.sh\"\n";
			showEnvVarsInLog = 0;
		};
/* End PBXShellScriptBuildPhase section */

/* Begin PBXSourcesBuildPhase section */
		4BA7EB5A1F2627DF00E6C5D9 /* Sources */ = {
			isa = PBXSourcesBuildPhase;
			buildActionMask = 2147483647;
			files = (
				4BA7EB641F2627DF00E6C5D9 /* ViewController.swift in Sources */,
				4BA7EB621F2627DF00E6C5D9 /* AppDelegate.swift in Sources */,
			);
			runOnlyForDeploymentPostprocessing = 0;
		};
/* End PBXSourcesBuildPhase section */

/* Begin PBXVariantGroup section */
		4BA7EB651F2627DF00E6C5D9 /* Main.storyboard */ = {
			isa = PBXVariantGroup;
			children = (
				4BA7EB661F2627DF00E6C5D9 /* Base */,
			);
			name = Main.storyboard;
			sourceTree = "<group>";
		};
		4BA7EB6A1F2627DF00E6C5D9 /* LaunchScreen.storyboard */ = {
			isa = PBXVariantGroup;
			children = (
				4BA7EB6B1F2627DF00E6C5D9 /* Base */,
			);
			name = LaunchScreen.storyboard;
			sourceTree = "<group>";
		};
/* End PBXVariantGroup section */

/* Begin XCBuildConfiguration section */
		4BA7EB6E1F2627DF00E6C5D9 /* Debug */ = {
			isa = XCBuildConfiguration;
			buildSettings = {
				ALWAYS_SEARCH_USER_PATHS = NO;
				CLANG_ANALYZER_NONNULL = YES;
				CLANG_ANALYZER_NUMBER_OBJECT_CONVERSION = YES_AGGRESSIVE;
				CLANG_CXX_LANGUAGE_STANDARD = "gnu++0x";
				CLANG_CXX_LIBRARY = "libc++";
				CLANG_ENABLE_MODULES = YES;
				CLANG_ENABLE_OBJC_ARC = YES;
				CLANG_WARN_BOOL_CONVERSION = YES;
				CLANG_WARN_CONSTANT_CONVERSION = YES;
				CLANG_WARN_DIRECT_OBJC_ISA_USAGE = YES_ERROR;
				CLANG_WARN_DOCUMENTATION_COMMENTS = YES;
				CLANG_WARN_EMPTY_BODY = YES;
				CLANG_WARN_ENUM_CONVERSION = YES;
				CLANG_WARN_INFINITE_RECURSION = YES;
				CLANG_WARN_INT_CONVERSION = YES;
				CLANG_WARN_OBJC_ROOT_CLASS = YES_ERROR;
				CLANG_WARN_SUSPICIOUS_MOVE = YES;
				CLANG_WARN_UNREACHABLE_CODE = YES;
				CLANG_WARN__DUPLICATE_METHOD_MATCH = YES;
				"CODE_SIGN_IDENTITY[sdk=iphoneos*]" = "iPhone Developer";
				COPY_PHASE_STRIP = NO;
				DEBUG_INFORMATION_FORMAT = dwarf;
				ENABLE_STRICT_OBJC_MSGSEND = YES;
				ENABLE_TESTABILITY = YES;
				GCC_C_LANGUAGE_STANDARD = gnu99;
				GCC_DYNAMIC_NO_PIC = NO;
				GCC_NO_COMMON_BLOCKS = YES;
				GCC_OPTIMIZATION_LEVEL = 0;
				GCC_PREPROCESSOR_DEFINITIONS = (
					"DEBUG=1",
					"$(inherited)",
				);
				GCC_WARN_64_TO_32_BIT_CONVERSION = YES;
				GCC_WARN_ABOUT_RETURN_TYPE = YES_ERROR;
				GCC_WARN_UNDECLARED_SELECTOR = YES;
				GCC_WARN_UNINITIALIZED_AUTOS = YES_AGGRESSIVE;
				GCC_WARN_UNUSED_FUNCTION = YES;
				GCC_WARN_UNUSED_VARIABLE = YES;
				IPHONEOS_DEPLOYMENT_TARGET = 10.3;
				MTL_ENABLE_DEBUG_INFO = YES;
				ONLY_ACTIVE_ARCH = YES;
				SDKROOT = iphoneos;
				SWIFT_ACTIVE_COMPILATION_CONDITIONS = DEBUG;
				SWIFT_OPTIMIZATION_LEVEL = "-Onone";
			};
			name = Debug;
		};
		4BA7EB6F1F2627DF00E6C5D9 /* Release */ = {
			isa = XCBuildConfiguration;
			buildSettings = {
				ALWAYS_SEARCH_USER_PATHS = NO;
				CLANG_ANALYZER_NONNULL = YES;
				CLANG_ANALYZER_NUMBER_OBJECT_CONVERSION = YES_AGGRESSIVE;
				CLANG_CXX_LANGUAGE_STANDARD = "gnu++0x";
				CLANG_CXX_LIBRARY = "libc++";
				CLANG_ENABLE_MODULES = YES;
				CLANG_ENABLE_OBJC_ARC = YES;
				CLANG_WARN_BOOL_CONVERSION = YES;
				CLANG_WARN_CONSTANT_CONVERSION = YES;
				CLANG_WARN_DIRECT_OBJC_ISA_USAGE = YES_ERROR;
				CLANG_WARN_DOCUMENTATION_COMMENTS = YES;
				CLANG_WARN_EMPTY_BODY = YES;
				CLANG_WARN_ENUM_CONVERSION = YES;
				CLANG_WARN_INFINITE_RECURSION = YES;
				CLANG_WARN_INT_CONVERSION = YES;
				CLANG_WARN_OBJC_ROOT_CLASS = YES_ERROR;
				CLANG_WARN_SUSPICIOUS_MOVE = YES;
				CLANG_WARN_UNREACHABLE_CODE = YES;
				CLANG_WARN__DUPLICATE_METHOD_MATCH = YES;
				"CODE_SIGN_IDENTITY[sdk=iphoneos*]" = "iPhone Developer";
				COPY_PHASE_STRIP = NO;
				DEBUG_INFORMATION_FORMAT = "dwarf-with-dsym";
				ENABLE_NS_ASSERTIONS = NO;
				ENABLE_STRICT_OBJC_MSGSEND = YES;
				GCC_C_LANGUAGE_STANDARD = gnu99;
				GCC_NO_COMMON_BLOCKS = YES;
				GCC_WARN_64_TO_32_BIT_CONVERSION = YES;
				GCC_WARN_ABOUT_RETURN_TYPE = YES_ERROR;
				GCC_WARN_UNDECLARED_SELECTOR = YES;
				GCC_WARN_UNINITIALIZED_AUTOS = YES_AGGRESSIVE;
				GCC_WARN_UNUSED_FUNCTION = YES;
				GCC_WARN_UNUSED_VARIABLE = YES;
				IPHONEOS_DEPLOYMENT_TARGET = 10.3;
				MTL_ENABLE_DEBUG_INFO = NO;
				SDKROOT = iphoneos;
				SWIFT_OPTIMIZATION_LEVEL = "-Owholemodule";
				VALIDATE_PRODUCT = YES;
			};
			name = Release;
		};
		4BA7EB711F2627DF00E6C5D9 /* Debug */ = {
			isa = XCBuildConfiguration;
			baseConfigurationReference = 5D822D1F8D3B41019F309234 /* Pods-audioKitFadingPlayerExample.debug.xcconfig */;
			buildSettings = {
				ASSETCATALOG_COMPILER_APPICON_NAME = AppIcon;
				DEVELOPMENT_TEAM = FSRSPV9N9Q;
				INFOPLIST_FILE = audioKitFadingPlayerExample/Info.plist;
				LD_RUNPATH_SEARCH_PATHS = "$(inherited) @executable_path/Frameworks";
				PRODUCT_BUNDLE_IDENTIFIER = fm.playola.audioKitFadingPlayerExample;
				PRODUCT_NAME = "$(TARGET_NAME)";
				SWIFT_VERSION = 3.0;
			};
			name = Debug;
		};
		4BA7EB721F2627DF00E6C5D9 /* Release */ = {
			isa = XCBuildConfiguration;
			baseConfigurationReference = 531D96D3314F910BC1CA4398 /* Pods-audioKitFadingPlayerExample.release.xcconfig */;
			buildSettings = {
				ASSETCATALOG_COMPILER_APPICON_NAME = AppIcon;
				DEVELOPMENT_TEAM = FSRSPV9N9Q;
				INFOPLIST_FILE = audioKitFadingPlayerExample/Info.plist;
				LD_RUNPATH_SEARCH_PATHS = "$(inherited) @executable_path/Frameworks";
				PRODUCT_BUNDLE_IDENTIFIER = fm.playola.audioKitFadingPlayerExample;
				PRODUCT_NAME = "$(TARGET_NAME)";
				SWIFT_VERSION = 3.0;
			};
			name = Release;
		};
/* End XCBuildConfiguration section */

/* Begin XCConfigurationList section */
		4BA7EB591F2627DF00E6C5D9 /* Build configuration list for PBXProject "audioKitFadingPlayerExample" */ = {
			isa = XCConfigurationList;
			buildConfigurations = (
				4BA7EB6E1F2627DF00E6C5D9 /* Debug */,
				4BA7EB6F1F2627DF00E6C5D9 /* Release */,
			);
			defaultConfigurationIsVisible = 0;
			defaultConfigurationName = Release;
		};
		4BA7EB701F2627DF00E6C5D9 /* Build configuration list for PBXNativeTarget "audioKitFadingPlayerExample" */ = {
			isa = XCConfigurationList;
			buildConfigurations = (
				4BA7EB711F2627DF00E6C5D9 /* Debug */,
				4BA7EB721F2627DF00E6C5D9 /* Release */,
			);
			defaultConfigurationIsVisible = 0;
			defaultConfigurationName = Release;
		};
/* End XCConfigurationList section */
	};
	rootObject = 4BA7EB561F2627DF00E6C5D9 /* Project object */;
}
